
Microsoft Visual Studio Solution File, Format Version 12.00
# Visual Studio Version 17
VisualStudioVersion = 17.8.34330.188
MinimumVisualStudioVersion = 10.0.40219.1
Project("{FAE04EC0-301F-11D3-BF4B-00C04F79EFBC}") = "PizzaBuy", "PizzaBuy\PizzaBuy.csproj", "{D0D098F1-387A-4E46-957E-8F59780A766A}"
EndProject
Global
	GlobalSection(SolutionConfigurationPlatforms) = preSolution
		Debug|Any CPU = Debug|Any CPU
		Release|Any CPU = Release|Any CPU
	EndGlobalSection
	GlobalSection(ProjectConfigurationPlatforms) = postSolution
		{D0D098F1-387A-4E46-957E-8F59780A766A}.Debug|Any CPU.ActiveCfg = Debug|Any CPU
		{D0D098F1-387A-4E46-957E-8F59780A766A}.Debug|Any CPU.Build.0 = Debug|Any CPU
		{D0D098F1-387A-4E46-957E-8F59780A766A}.Release|Any CPU.ActiveCfg = Release|Any CPU
		{D0D098F1-387A-4E46-957E-8F59780A766A}.Release|Any CPU.Build.0 = Release|Any CPU
	EndGlobalSection
	GlobalSection(SolutionProperties) = preSolution
		HideSolutionNode = FALSE
	EndGlobalSection
	GlobalSection(ExtensibilityGlobals) = postSolution
		SolutionGuid = {F33B0A4D-7541-471C-9E66-BBBB0E92809A}
	EndGlobalSection
EndGlobal
